
Microsoft Visual Studio Solution File, Format Version 12.00
# Visual Studio Version 16
VisualStudioVersion = 16.0.32106.194
MinimumVisualStudioVersion = 10.0.40219.1
Project("{9A19103F-16F7-4668-BE54-9A1E7A4F7556}") = "DiamondKata", "DiamondKata.csproj", "{B5DD453F-6DD1-42AB-BB77-699CCC053EAE}"
EndProject
Project("{FAE04EC0-301F-11D3-BF4B-00C04F79EFBC}") = "DiamondKataTests", "..\DiamondKataTests\DiamondKataTests.csproj", "{28EC4134-A1A3-4089-8DE7-99AF86D20F49}"
EndProject
Global
	GlobalSection(SolutionConfigurationPlatforms) = preSolution
		Debug|Any CPU = Debug|Any CPU
		Release|Any CPU = Release|Any CPU
	EndGlobalSection
	GlobalSection(ProjectConfigurationPlatforms) = postSolution
		{B5DD453F-6DD1-42AB-BB77-699CCC053EAE}.Debug|Any CPU.ActiveCfg = Debug|Any CPU
		{B5DD453F-6DD1-42AB-BB77-699CCC053EAE}.Debug|Any CPU.Build.0 = Debug|Any CPU
		{B5DD453F-6DD1-42AB-BB77-699CCC053EAE}.Release|Any CPU.ActiveCfg = Release|Any CPU
		{B5DD453F-6DD1-42AB-BB77-699CCC053EAE}.Release|Any CPU.Build.0 = Release|Any CPU
		{28EC4134-A1A3-4089-8DE7-99AF86D20F49}.Debug|Any CPU.ActiveCfg = Debug|Any CPU
		{28EC4134-A1A3-4089-8DE7-99AF86D20F49}.Debug|Any CPU.Build.0 = Debug|Any CPU
		{28EC4134-A1A3-4089-8DE7-99AF86D20F49}.Release|Any CPU.ActiveCfg = Release|Any CPU
		{28EC4134-A1A3-4089-8DE7-99AF86D20F49}.Release|Any CPU.Build.0 = Release|Any CPU
	EndGlobalSection
	GlobalSection(SolutionProperties) = preSolution
		HideSolutionNode = FALSE
	EndGlobalSection
	GlobalSection(ExtensibilityGlobals) = postSolution
		SolutionGuid = {C895B462-1E15-4F22-948D-A7D11FC9D969}
	EndGlobalSection
EndGlobal
